
Microsoft Visual Studio Solution File, Format Version 12.00
# Visual Studio Version 17
VisualStudioVersion = 17.9.34622.214
MinimumVisualStudioVersion = 10.0.40219.1
Project("{8BC9CEB8-8B4A-11D0-8D11-00A0C91BC942}") = "os_emu_vs", "os_emu_vs\os_emu_vs.vcxproj", "{06990DA0-25A2-4BE4-8A81-DDFA5EE95F20}"
EndProject
Project("{2150E333-8FDC-42A3-9474-1A3956D46DE8}") = "Solution Items", "Solution Items", "{3BF996BE-4951-425E-9473-5E7884BCF269}"
EndProject
Global
	GlobalSection(SolutionConfigurationPlatforms) = preSolution
		Debug|x64 = Debug|x64
		Debug|x86 = Debug|x86
		Release|x64 = Release|x64
		Release|x86 = Release|x86
	EndGlobalSection
	GlobalSection(ProjectConfigurationPlatforms) = postSolution
		{06990DA0-25A2-4BE4-8A81-DDFA5EE95F20}.Debug|x64.ActiveCfg = Debug|x64
		{06990DA0-25A2-4BE4-8A81-DDFA5EE95F20}.Debug|x64.Build.0 = Debug|x64
		{06990DA0-25A2-4BE4-8A81-DDFA5EE95F20}.Debug|x86.ActiveCfg = Debug|Win32
		{06990DA0-25A2-4BE4-8A81-DDFA5EE95F20}.Debug|x86.Build.0 = Debug|Win32
		{06990DA0-25A2-4BE4-8A81-DDFA5EE95F20}.Release|x64.ActiveCfg = Release|x64
		{06990DA0-25A2-4BE4-8A81-DDFA5EE95F20}.Release|x64.Build.0 = Release|x64
		{06990DA0-25A2-4BE4-8A81-DDFA5EE95F20}.Release|x86.ActiveCfg = Release|Win32
		{06990DA0-25A2-4BE4-8A81-DDFA5EE95F20}.Release|x86.Build.0 = Release|Win32
	EndGlobalSection
	GlobalSection(SolutionProperties) = preSolution
		HideSolutionNode = FALSE
	EndGlobalSection
	GlobalSection(ExtensibilityGlobals) = postSolution
		SolutionGuid = {4376A235-C8EB-4305-9948-E2250CF1FE8C}
	EndGlobalSection
EndGlobal
