<?xml version="1.0" encoding="utf-8"?>
<Project ToolsVersion="4.0" xmlns="http://schemas.microsoft.com/developer/msbuild/2003">
  <ItemGroup>
    <Filter Include="Scheduling">
      <UniqueIdentifier>{85adf43d-53e7-4695-b8b5-61b1aaaed390}</UniqueIdentifier>
    </Filter>
    <Filter Include="Screen">
      <UniqueIdentifier>{22f66c2f-f653-4185-9f5c-f254c46f1111}</UniqueIdentifier>
    </Filter>
    <Filter Include="Console">
      <UniqueIdentifier>{a16807c4-2d17-4811-8a19-4e970738d0ae}</UniqueIdentifier>
    </Filter>
    <Filter Include="Command">
      <UniqueIdentifier>{d05d95bd-3dee-4d26-95e2-5157de70a2ed}</UniqueIdentifier>
    </Filter>
    <Filter Include="Util">
      <UniqueIdentifier>{da3fdd6c-ee4b-4a01-9567-9da5a31ff504}</UniqueIdentifier>
    </Filter>
    <Filter Include="Process">
      <UniqueIdentifier>{c5361eeb-47b3-46ce-ab22-add21211dced}</UniqueIdentifier>
    </Filter>
    <Filter Include="Main">
      <UniqueIdentifier>{4FC737F1-C7A5-4376-A066-2A32D752A2FF}</UniqueIdentifier>
      <Extensions>cpp;c;cc;cxx;c++;cppm;ixx;def;odl;idl;hpj;bat;asm;asmx</Extensions>
    </Filter>
    <Filter Include="Threading">
      <UniqueIdentifier>{1b4b9282-fe95-498a-8174-707a2c32fef6}</UniqueIdentifier>
    </Filter>
    <Filter Include="Memory">
      <UniqueIdentifier>{22055a47-dcbb-483e-b94b-2c3acaeeff87}</UniqueIdentifier>
    </Filter>
  </ItemGroup>
  <ItemGroup>
    <ClCompile Include="os_emu_vs.cpp">
      <Filter>Main</Filter>
    </ClCompile>
    <ClCompile Include="AConsole.cpp">
      <Filter>Console</Filter>
    </ClCompile>
    <ClCompile Include="ConsoleManager.cpp">
      <Filter>Console</Filter>
    </ClCompile>
    <ClCompile Include="MainConsole.cpp">
      <Filter>Console</Filter>
    </ClCompile>
    <ClCompile Include="MarqueeConsole.cpp">
      <Filter>Console</Filter>
    </ClCompile>
    <ClCompile Include="PrintCommand.cpp">
      <Filter>Command</Filter>
    </ClCompile>
    <ClCompile Include="GlobalScheduler.cpp">
      <Filter>Scheduling</Filter>
    </ClCompile>
    <ClCompile Include="BaseScreen.cpp">
      <Filter>Screen</Filter>
    </ClCompile>
    <ClCompile Include="Process.cpp">
      <Filter>Process</Filter>
    </ClCompile>
    <ClCompile Include="SchedulerWorker.cpp">
      <Filter>Threading</Filter>
    </ClCompile>
    <ClCompile Include="AScheduler.cpp">
      <Filter>Scheduling</Filter>
    </ClCompile>
    <ClCompile Include="FCFSScheduler.cpp">
      <Filter>Scheduling</Filter>
    </ClCompile>
    <ClCompile Include="IETThread.cpp">
      <Filter>Threading</Filter>
    </ClCompile>
    <ClCompile Include="RRScheduler.cpp">
      <Filter>Scheduling</Filter>
    </ClCompile>
    <ClCompile Include="GlobalConfig.cpp">
      <Filter>Util</Filter>
    </ClCompile>
  </ItemGroup>
  <ItemGroup>
    <ClInclude Include="ICommand.h">
      <Filter>Command</Filter>
    </ClInclude>
    <ClInclude Include="PrintCommand.h">
      <Filter>Command</Filter>
    </ClInclude>
    <ClInclude Include="ConsoleManager.h">
      <Filter>Console</Filter>
    </ClInclude>
    <ClInclude Include="AConsole.h">
      <Filter>Console</Filter>
    </ClInclude>
    <ClInclude Include="MarqueeConsole.h">
      <Filter>Console</Filter>
    </ClInclude>
    <ClInclude Include="MainConsole.h">
      <Filter>Console</Filter>
    </ClInclude>
    <ClInclude Include="TypedefRepo.h">
      <Filter>Util</Filter>
    </ClInclude>
    <ClInclude Include="FCFSScheduler.h">
      <Filter>Scheduling</Filter>
    </ClInclude>
    <ClInclude Include="os_emu_vs.h">
      <Filter>Main</Filter>
    </ClInclude>
    <ClInclude Include="GlobalScheduler.h">
      <Filter>Scheduling</Filter>
    </ClInclude>
    <ClInclude Include="AScheduler.h">
      <Filter>Scheduling</Filter>
    </ClInclude>
    <ClInclude Include="BaseScreen.h">
      <Filter>Screen</Filter>
    </ClInclude>
    <ClInclude Include="Process.h">
      <Filter>Process</Filter>
    </ClInclude>
    <ClInclude Include="IETThread.h">
      <Filter>Threading</Filter>
    </ClInclude>
    <ClInclude Include="SchedulerWorker.h">
      <Filter>Threading</Filter>
    </ClInclude>
    <ClInclude Include="RRScheduler.h">
      <Filter>Scheduling</Filter>
    </ClInclude>
    <ClInclude Include="GlobalConfig.h">
      <Filter>Util</Filter>
    </ClInclude>
    <ClInclude Include="IMemoryAllocator.h">
      <Filter>Memory</Filter>
    </ClInclude>
  </ItemGroup>
</Project>